
Microsoft Visual Studio Solution File, Format Version 11.00
# Visual Studio 2010
Project("{FAE04EC0-301F-11D3-BF4B-00C04F79EFBC}") = "rubidium_vision", "rubidium_vision\rubidium_vision.csproj", "{19572FC0-39CC-42FE-AEAF-0D20EA6AF7CD}"
EndProject
Global
	GlobalSection(TeamFoundationVersionControl) = preSolution
		SccNumberOfProjects = 2
		SccEnterpriseProvider = {4CA58AB2-18FA-4F8D-95D4-32DDF27D184C}
		SccTeamFoundationServer = http://taipan:8080/tfs/sotitfs
		SccLocalPath0 = .
		SccProjectUniqueName1 = rubidium_vision\\rubidium_vision.csproj
		SccProjectName1 = rubidium_vision
		SccLocalPath1 = rubidium_vision
	EndGlobalSection
	GlobalSection(SolutionConfigurationPlatforms) = preSolution
		Debug|x86 = Debug|x86
		Release|x86 = Release|x86
	EndGlobalSection
	GlobalSection(ProjectConfigurationPlatforms) = postSolution
		{19572FC0-39CC-42FE-AEAF-0D20EA6AF7CD}.Debug|x86.ActiveCfg = Debug|x86
		{19572FC0-39CC-42FE-AEAF-0D20EA6AF7CD}.Debug|x86.Build.0 = Debug|x86
		{19572FC0-39CC-42FE-AEAF-0D20EA6AF7CD}.Release|x86.ActiveCfg = Release|x86
		{19572FC0-39CC-42FE-AEAF-0D20EA6AF7CD}.Release|x86.Build.0 = Release|x86
	EndGlobalSection
	GlobalSection(SolutionProperties) = preSolution
		HideSolutionNode = FALSE
	EndGlobalSection
EndGlobal
